
Microsoft Visual Studio Solution File, Format Version 12.00
# Visual Studio 15
VisualStudioVersion = 15.0.28307.779
MinimumVisualStudioVersion = 10.0.40219.1
Project("{FAE04EC0-301F-11D3-BF4B-00C04F79EFBC}") = "WebAPI", "WebAPI\WebAPI.csproj", "{91513B63-44D4-4645-B110-8053C1E96E6E}"
EndProject
Global
	GlobalSection(SolutionConfigurationPlatforms) = preSolution
		Debug|Any CPU = Debug|Any CPU
		Release|Any CPU = Release|Any CPU
	EndGlobalSection
	GlobalSection(ProjectConfigurationPlatforms) = postSolution
		{91513B63-44D4-4645-B110-8053C1E96E6E}.Debug|Any CPU.ActiveCfg = Debug|Any CPU
		{91513B63-44D4-4645-B110-8053C1E96E6E}.Debug|Any CPU.Build.0 = Debug|Any CPU
		{91513B63-44D4-4645-B110-8053C1E96E6E}.Release|Any CPU.ActiveCfg = Release|Any CPU
		{91513B63-44D4-4645-B110-8053C1E96E6E}.Release|Any CPU.Build.0 = Release|Any CPU
	EndGlobalSection
	GlobalSection(SolutionProperties) = preSolution
		HideSolutionNode = FALSE
	EndGlobalSection
	GlobalSection(ExtensibilityGlobals) = postSolution
		SolutionGuid = {BE2F2285-DB00-4D02-9997-56BE6B1B5F31}
	EndGlobalSection
EndGlobal
